# THIS IS AN AUTOGENERATED FILE. DO NOT EDIT THIS FILE DIRECTLY.
# yarn lockfile v1


country-code-lookup@^0.1.0:
  version "0.1.0"
  resolved "https://registry.yarnpkg.com/country-code-lookup/-/country-code-lookup-0.1.0.tgz#aa5b2d3ecc92cd7aed706ee70b7e4ee2f1d3799d"
  integrity sha512-IOI66HEG+8bXfWPy+sTzuN7161vmDZOHg1wgIPFf3WfD73FeLajnn6C+fnxOIa9RL1WRBDMXQQWW/FOaOYaQ3w==
